<?xml version="1.0" encoding="utf-8"?>
<Project ToolsVersion="4.0" xmlns="http://schemas.microsoft.com/developer/msbuild/2003">
  <ItemGroup>
    <Filter Include="Resource Files">
      <UniqueIdentifier>{67DA6AB6-F800-4c08-8B7A-83BB121AAD01}</UniqueIdentifier>
      <Extensions>rc;ico;cur;bmp;dlg;rc2;rct;bin;rgs;gif;jpg;jpeg;jpe;resx;tiff;tif;png;wav;mfcribbon-ms</Extensions>
    </Filter>
    <Filter Include="Utilities">
      <UniqueIdentifier>{bce6d954-18ed-4168-9788-403d115d5466}</UniqueIdentifier>
    </Filter>
    <Filter Include="Main">
      <UniqueIdentifier>{28e172ce-0d97-4dc5-b44f-539f9c259348}</UniqueIdentifier>
    </Filter>
    <Filter Include="Entity">
      <UniqueIdentifier>{52042e8c-9280-4395-92d3-6d8e3419fab7}</UniqueIdentifier>
    </Filter>
    <Filter Include="Weapon">
      <UniqueIdentifier>{bae3aaf3-59d0-4610-bd1c-4096a0eb5b1f}</UniqueIdentifier>
    </Filter>
    <Filter Include="Screen">
      <UniqueIdentifier>{24e628bb-45a9-465d-8964-a0d1565413f7}</UniqueIdentifier>
    </Filter>
    <Filter Include="List">
      <UniqueIdentifier>{e89c0539-3611-464b-93ac-7ac494ea1ca4}</UniqueIdentifier>
    </Filter>
  </ItemGroup>
  <ItemGroup>
    <ClCompile Include="main.cpp">
      <Filter>Main</Filter>
    </ClCompile>
    <ClCompile Include="Player.cpp">
      <Filter>Entity</Filter>
    </ClCompile>
    <ClCompile Include="Entity.cpp">
      <Filter>Entity</Filter>
    </ClCompile>
    <ClCompile Include="Enemy.cpp">
      <Filter>Entity</Filter>
    </ClCompile>
    <ClCompile Include="Weapon.cpp">
      <Filter>Weapon</Filter>
    </ClCompile>
    <ClCompile Include="Bullet.cpp">
      <Filter>Weapon</Filter>
    </ClCompile>
    <ClCompile Include="Screen.cpp">
      <Filter>Screen</Filter>
    </ClCompile>
    <ClCompile Include="Position.cpp">
      <Filter>Screen</Filter>
    </ClCompile>
    <ClCompile Include="Pixel.cpp">
      <Filter>Screen</Filter>
    </ClCompile>
    <ClCompile Include="Map.cpp">
      <Filter>Screen</Filter>
    </ClCompile>
    <ClCompile Include="ArmedEntity.cpp">
      <Filter>Entity</Filter>
    </ClCompile>
    <ClCompile Include="EnemyList.cpp">
      <Filter>List</Filter>
    </ClCompile>
    <ClCompile Include="BulletList.cpp">
      <Filter>List</Filter>
    </ClCompile>
  </ItemGroup>
  <ItemGroup>
    <ClInclude Include="colors.h">
      <Filter>Utilities</Filter>
    </ClInclude>
    <ClInclude Include="settings.h">
      <Filter>Utilities</Filter>
    </ClInclude>
    <ClInclude Include="Enemy.hpp">
      <Filter>Entity</Filter>
    </ClInclude>
    <ClInclude Include="Entity.hpp">
      <Filter>Entity</Filter>
    </ClInclude>
    <ClInclude Include="Player.hpp">
      <Filter>Entity</Filter>
    </ClInclude>
    <ClInclude Include="Weapon.hpp">
      <Filter>Weapon</Filter>
    </ClInclude>
    <ClInclude Include="Bullet.hpp">
      <Filter>Weapon</Filter>
    </ClInclude>
    <ClInclude Include="Screen.hpp">
      <Filter>Screen</Filter>
    </ClInclude>
    <ClInclude Include="Position.hpp">
      <Filter>Screen</Filter>
    </ClInclude>
    <ClInclude Include="Pixel.hpp">
      <Filter>Screen</Filter>
    </ClInclude>
    <ClInclude Include="Map.hpp">
      <Filter>Screen</Filter>
    </ClInclude>
    <ClInclude Include="ArmedEntity.hpp">
      <Filter>Entity</Filter>
    </ClInclude>
    <ClInclude Include="EnemyList.hpp">
      <Filter>List</Filter>
    </ClInclude>
    <ClInclude Include="BulletList.hpp">
      <Filter>List</Filter>
    </ClInclude>
    <ClInclude Include="weapons.h">
      <Filter>Utilities</Filter>
    </ClInclude>
  </ItemGroup>
  <ItemGroup>
    <Text Include="TODO.cpp">
      <Filter>Resource Files</Filter>
    </Text>
  </ItemGroup>
</Project>